// !$*UTF8*$!
{
	archiveVersion = 1;
	classes = {
	};
	objectVersion = 46;
	objects = {

/* Begin PBXBuildFile section */
		37980C651D0D6BBE00EF5898 /* AppDelegate.swift in Sources */ = {isa = PBXBuildFile; fileRef = 37980C641D0D6BBE00EF5898 /* AppDelegate.swift */; };
		37980C671D0D6BBE00EF5898 /* ViewController.swift in Sources */ = {isa = PBXBuildFile; fileRef = 37980C661D0D6BBE00EF5898 /* ViewController.swift */; };
		37980C6A1D0D6BBE00EF5898 /* Main.storyboard in Resources */ = {isa = PBXBuildFile; fileRef = 37980C681D0D6BBE00EF5898 /* Main.storyboard */; };
		37980C6C1D0D6BBE00EF5898 /* Assets.xcassets in Resources */ = {isa = PBXBuildFile; fileRef = 37980C6B1D0D6BBE00EF5898 /* Assets.xcassets */; };
		37980C6F1D0D6BBE00EF5898 /* LaunchScreen.storyboard in Resources */ = {isa = PBXBuildFile; fileRef = 37980C6D1D0D6BBE00EF5898 /* LaunchScreen.storyboard */; };
/* End PBXBuildFile section */

/* Begin PBXFileReference section */
		37980C611D0D6BBE00EF5898 /* SuperCool.app */ = {isa = PBXFileReference; explicitFileType = wrapper.application; includeInIndex = 0; path = SuperCool.app; sourceTree = BUILT_PRODUCTS_DIR; };
		37980C641D0D6BBE00EF5898 /* AppDelegate.swift */ = {isa = PBXFileReference; lastKnownFileType = sourcecode.swift; path = AppDelegate.swift; sourceTree = "<group>"; };
		37980C661D0D6BBE00EF5898 /* ViewController.swift */ = {isa = PBXFileReference; lastKnownFileType = sourcecode.swift; path = ViewController.swift; sourceTree = "<group>"; };
		37980C691D0D6BBE00EF5898 /* Base */ = {isa = PBXFileReference; lastKnownFileType = file.storyboard; name = Base; path = Base.lproj/Main.storyboard; sourceTree = "<group>"; };
		37980C6B1D0D6BBE00EF5898 /* Assets.xcassets */ = {isa = PBXFileReference; lastKnownFileType = folder.assetcatalog; path = Assets.xcassets; sourceTree = "<group>"; };
		37980C6E1D0D6BBE00EF5898 /* Base */ = {isa = PBXFileReference; lastKnownFileType = file.storyboard; name = Base; path = Base.lproj/LaunchScreen.storyboard; sourceTree = "<group>"; };
		37980C701D0D6BBE00EF5898 /* Info.plist */ = {isa = PBXFileReference; lastKnownFileType = text.plist.xml; path = Info.plist; sourceTree = "<group>"; };
/* End PBXFileReference section */

/* Begin PBXFrameworksBuildPhase section */
		37980C5E1D0D6BBE00EF5898 /* Frameworks */ = {
			isa = PBXFrameworksBuildPhase;
			buildActionMask = 2147483647;
			files = (
			);
			runOnlyForDeploymentPostprocessing = 0;
		};
/* End PBXFrameworksBuildPhase section */

/* Begin PBXGroup section */
		37980C581D0D6BBE00EF5898 = {
			isa = PBXGroup;
			children = (
				37980C631D0D6BBE00EF5898 /* SuperCool */,
				37980C621D0D6BBE00EF5898 /* Products */,
			);
			sourceTree = "<group>";
		};
		37980C621D0D6BBE00EF5898 /* Products */ = {
			isa = PBXGroup;
			children = (
				37980C611D0D6BBE00EF5898 /* SuperCool.app */,
			);
			name = Products;
			sourceTree = "<group>";
		};
		37980C631D0D6BBE00EF5898 /* SuperCool */ = {
			isa = PBXGroup;
			children = (
				37980C641D0D6BBE00EF5898 /* AppDelegate.swift */,
				37980C661D0D6BBE00EF5898 /* ViewController.swift */,
				37980C681D0D6BBE00EF5898 /* Main.storyboard */,
				37980C6B1D0D6BBE00EF5898 /* Assets.xcassets */,
				37980C6D1D0D6BBE00EF5898 /* LaunchScreen.storyboard */,
				37980C701D0D6BBE00EF5898 /* Info.plist */,
			);
			path = SuperCool;
			sourceTree = "<group>";
		};
/* End PBXGroup section */

/* Begin PBXNativeTarget section */
		37980C601D0D6BBE00EF5898 /* SuperCool */ = {
			isa = PBXNativeTarget;
			buildConfigurationList = 37980C731D0D6BBE00EF5898 /* Build configuration list for PBXNativeTarget "SuperCool" */;
			buildPhases = (
				37980C5D1D0D6BBE00EF5898 /* Sources */,
				37980C5E1D0D6BBE00EF5898 /* Frameworks */,
				37980C5F1D0D6BBE00EF5898 /* Resources */,
			);
			buildRules = (
			);
			dependencies = (
			);
			name = SuperCool;
			productName = SuperCool;
			productReference = 37980C611D0D6BBE00EF5898 /* SuperCool.app */;
			productType = "com.apple.product-type.application";
		};
/* End PBXNativeTarget section */

/* Begin PBXProject section */
		37980C591D0D6BBE00EF5898 /* Project object */ = {
			isa = PBXProject;
			attributes = {
				LastSwiftUpdateCheck = 0730;
				LastUpgradeCheck = 0730;
				ORGANIZATIONNAME = "Hiro Senda";
				TargetAttributes = {
					37980C601D0D6BBE00EF5898 = {
						CreatedOnToolsVersion = 7.3;
					};
				};
			};
			buildConfigurationList = 37980C5C1D0D6BBE00EF5898 /* Build configuration list for PBXProject "SuperCool" */;
			compatibilityVersion = "Xcode 3.2";
			developmentRegion = English;
			hasScannedForEncodings = 0;
			knownRegions = (
				en,
				Base,
			);
			mainGroup = 37980C581D0D6BBE00EF5898;
			productRefGroup = 37980C621D0D6BBE00EF5898 /* Products */;
			projectDirPath = "";
			projectRoot = "";
			targets = (
				37980C601D0D6BBE00EF5898 /* SuperCool */,
			);
		};
/* End PBXProject section */

/* Begin PBXResourcesBuildPhase section */
		37980C5F1D0D6BBE00EF5898 /* Resources */ = {
			isa = PBXResourcesBuildPhase;
			buildActionMask = 2147483647;
			files = (
				37980C6F1D0D6BBE00EF5898 /* LaunchScreen.storyboard in Resources */,
				37980C6C1D0D6BBE00EF5898 /* Assets.xcassets in Resources */,
				37980C6A1D0D6BBE00EF5898 /* Main.storyboard in Resources */,
			);
			runOnlyForDeploymentPostprocessing = 0;
		};
/* End PBXResourcesBuildPhase section */

/* Begin PBXSourcesBuildPhase section */
		37980C5D1D0D6BBE00EF5898 /* Sources */ = {
			isa = PBXSourcesBuildPhase;
			buildActionMask = 2147483647;
			files = (
				37980C671D0D6BBE00EF5898 /* ViewController.swift in Sources */,
				37980C651D0D6BBE00EF5898 /* AppDelegate.swift in Sources */,
			);
			runOnlyForDeploymentPostprocessing = 0;
		};
/* End PBXSourcesBuildPhase section */

/* Begin PBXVariantGroup section */
		37980C681D0D6BBE00EF5898 /* Main.storyboard */ = {
			isa = PBXVariantGroup;
			children = (
				37980C691D0D6BBE00EF5898 /* Base */,
			);
			name = Main.storyboard;
			sourceTree = "<group>";
		};
		37980C6D1D0D6BBE00EF5898 /* LaunchScreen.storyboard */ = {
			isa = PBXVariantGroup;
			children = (
				37980C6E1D0D6BBE00EF5898 /* Base */,
			);
			name = LaunchScreen.storyboard;
			sourceTree = "<group>";
		};
/* End PBXVariantGroup section */

/* Begin XCBuildConfiguration section */
		37980C711D0D6BBE00EF5898 /* Debug */ = {
			isa = XCBuildConfiguration;
			buildSettings = {
				ALWAYS_SEARCH_USER_PATHS = NO;
				CLANG_ANALYZER_NONNULL = YES;
				CLANG_CXX_LANGUAGE_STANDARD = "gnu++0x";
				CLANG_CXX_LIBRARY = "libc++";
				CLANG_ENABLE_MODULES = YES;
				CLANG_ENABLE_OBJC_ARC = YES;
				CLANG_WARN_BOOL_CONVERSION = YES;
				CLANG_WARN_CONSTANT_CONVERSION = YES;
				CLANG_WARN_DIRECT_OBJC_ISA_USAGE = YES_ERROR;
				CLANG_WARN_EMPTY_BODY = YES;
				CLANG_WARN_ENUM_CONVERSION = YES;
				CLANG_WARN_INT_CONVERSION = YES;
				CLANG_WARN_OBJC_ROOT_CLASS = YES_ERROR;
				CLANG_WARN_UNREACHABLE_CODE = YES;
				CLANG_WARN__DUPLICATE_METHOD_MATCH = YES;
				"CODE_SIGN_IDENTITY[sdk=iphoneos*]" = "iPhone Developer";
				COPY_PHASE_STRIP = NO;
				DEBUG_INFORMATION_FORMAT = dwarf;
				ENABLE_STRICT_OBJC_MSGSEND = YES;
				ENABLE_TESTABILITY = YES;
				GCC_C_LANGUAGE_STANDARD = gnu99;
				GCC_DYNAMIC_NO_PIC = NO;
				GCC_NO_COMMON_BLOCKS = YES;
				GCC_OPTIMIZATION_LEVEL = 0;
				GCC_PREPROCESSOR_DEFINITIONS = (
					"DEBUG=1",
					"$(inherited)",
				);
				GCC_WARN_64_TO_32_BIT_CONVERSION = YES;
				GCC_WARN_ABOUT_RETURN_TYPE = YES_ERROR;
				GCC_WARN_UNDECLARED_SELECTOR = YES;
				GCC_WARN_UNINITIALIZED_AUTOS = YES_AGGRESSIVE;
				GCC_WARN_UNUSED_FUNCTION = YES;
				GCC_WARN_UNUSED_VARIABLE = YES;
				IPHONEOS_DEPLOYMENT_TARGET = 9.3;
				MTL_ENABLE_DEBUG_INFO = YES;
				ONLY_ACTIVE_ARCH = YES;
				SDKROOT = iphoneos;
				SWIFT_OPTIMIZATION_LEVEL = "-Onone";
			};
			name = Debug;
		};
		37980C721D0D6BBE00EF5898 /* Release */ = {
			isa = XCBuildConfiguration;
			buildSettings = {
				ALWAYS_SEARCH_USER_PATHS = NO;
				CLANG_ANALYZER_NONNULL = YES;
				CLANG_CXX_LANGUAGE_STANDARD = "gnu++0x";
				CLANG_CXX_LIBRARY = "libc++";
				CLANG_ENABLE_MODULES = YES;
				CLANG_ENABLE_OBJC_ARC = YES;
				CLANG_WARN_BOOL_CONVERSION = YES;
				CLANG_WARN_CONSTANT_CONVERSION = YES;
				CLANG_WARN_DIRECT_OBJC_ISA_USAGE = YES_ERROR;
				CLANG_WARN_EMPTY_BODY = YES;
				CLANG_WARN_ENUM_CONVERSION = YES;
				CLANG_WARN_INT_CONVERSION = YES;
				CLANG_WARN_OBJC_ROOT_CLASS = YES_ERROR;
				CLANG_WARN_UNREACHABLE_CODE = YES;
				CLANG_WARN__DUPLICATE_METHOD_MATCH = YES;
				"CODE_SIGN_IDENTITY[sdk=iphoneos*]" = "iPhone Developer";
				COPY_PHASE_STRIP = NO;
				DEBUG_INFORMATION_FORMAT = "dwarf-with-dsym";
				ENABLE_NS_ASSERTIONS = NO;
				ENABLE_STRICT_OBJC_MSGSEND = YES;
				GCC_C_LANGUAGE_STANDARD = gnu99;
				GCC_NO_COMMON_BLOCKS = YES;
				GCC_WARN_64_TO_32_BIT_CONVERSION = YES;
				GCC_WARN_ABOUT_RETURN_TYPE = YES_ERROR;
				GCC_WARN_UNDECLARED_SELECTOR = YES;
				GCC_WARN_UNINITIALIZED_AUTOS = YES_AGGRESSIVE;
				GCC_WARN_UNUSED_FUNCTION = YES;
				GCC_WARN_UNUSED_VARIABLE = YES;
				IPHONEOS_DEPLOYMENT_TARGET = 9.3;
				MTL_ENABLE_DEBUG_INFO = NO;
				SDKROOT = iphoneos;
				VALIDATE_PRODUCT = YES;
			};
			name = Release;
		};
		37980C741D0D6BBE00EF5898 /* Debug */ = {
			isa = XCBuildConfiguration;
			buildSettings = {
				ASSETCATALOG_COMPILER_APPICON_NAME = AppIcon;
				INFOPLIST_FILE = SuperCool/Info.plist;
				LD_RUNPATH_SEARCH_PATHS = "$(inherited) @executable_path/Frameworks";
				PRODUCT_BUNDLE_IDENTIFIER = Com.HiroSenda.SuperCool;
				PRODUCT_NAME = "$(TARGET_NAME)";
			};
			name = Debug;
		};
		37980C751D0D6BBE00EF5898 /* Release */ = {
			isa = XCBuildConfiguration;
			buildSettings = {
				ASSETCATALOG_COMPILER_APPICON_NAME = AppIcon;
				INFOPLIST_FILE = SuperCool/Info.plist;
				LD_RUNPATH_SEARCH_PATHS = "$(inherited) @executable_path/Frameworks";
				PRODUCT_BUNDLE_IDENTIFIER = Com.HiroSenda.SuperCool;
				PRODUCT_NAME = "$(TARGET_NAME)";
			};
			name = Release;
		};
/* End XCBuildConfiguration section */

/* Begin XCConfigurationList section */
		37980C5C1D0D6BBE00EF5898 /* Build configuration list for PBXProject "SuperCool" */ = {
			isa = XCConfigurationList;
			buildConfigurations = (
				37980C711D0D6BBE00EF5898 /* Debug */,
				37980C721D0D6BBE00EF5898 /* Release */,
			);
			defaultConfigurationIsVisible = 0;
			defaultConfigurationName = Release;
		};
		37980C731D0D6BBE00EF5898 /* Build configuration list for PBXNativeTarget "SuperCool" */ = {
			isa = XCConfigurationList;
			buildConfigurations = (
				37980C741D0D6BBE00EF5898 /* Debug */,
				37980C751D0D6BBE00EF5898 /* Release */,
			);
			defaultConfigurationIsVisible = 0;
		};
/* End XCConfigurationList section */
	};
	rootObject = 37980C591D0D6BBE00EF5898 /* Project object */;
}
